PODS:
  - Alamofire (5.0.0-rc.3)
  - NVActivityIndicatorView (4.8.0):
    - NVActivityIndicatorView/Presenter (= 4.8.0)
  - NVActivityIndicatorView/Presenter (4.8.0)
  - Realm (4.2.0):
    - Realm/Headers (= 4.2.0)
  - Realm/Headers (4.2.0)
  - RealmSwift (4.2.0):
    - Realm (= 4.2.0)
  - SwiftMessages (6.0.0):
    - SwiftMessages/App (= 6.0.0)
  - SwiftMessages/App (6.0.0)
  - SwiftyJSON (4.3.0)
  - TagListView (1.4.0)

DEPENDENCIES:
  - Alamofire (~> 5.0.0-rc.3)
  - NVActivityIndicatorView (= 4.8.0)
  - RealmSwift (= 4.2.0)
  - SwiftMessages (= 6.0)
  - SwiftyJSON (~> 4.0)
  - TagListView (= 1.4.0)

SPEC REPOS:
  trunk:
    - Alamofire
    - NVActivityIndicatorView
    - Realm
    - RealmSwift
    - SwiftMessages
    - SwiftyJSON
    - TagListView

SPEC CHECKSUMS:
  Alamofire: ca8c0de6906873be89d6deec5c8de279e00bf872
  NVActivityIndicatorView: d24b7ebcf80af5dcd994adb650e2b6c93379270f
  Realm: 24f62307291e35ca9ba69f4d5e7214142543b12d
  RealmSwift: eec89a12ff5ff09f365519c64591ab297acbbb40
  SwiftMessages: da7c981256a65b3e58022d9027a36584cf4eccf5
  SwiftyJSON: 6faa0040f8b59dead0ee07436cbf76b73c08fd08
  TagListView: 987b0bdbb16cd9d9e7c0e2ec32aff37ecba8b173

PODFILE CHECKSUM: dfbe3504d7a19b46382146014249649021a495bc

COCOAPODS: 1.8.4
